// !$*UTF8*$!
{
	archiveVersion = 1;
	classes = {
	};
	objectVersion = 46;
	objects = {

/* Begin PBXBuildFile section */
		0D56C9241E8D4055001D4589 /* DDOrientationViewController.m in Sources */ = {isa = PBXBuildFile; fileRef = 0D56C9231E8D4055001D4589 /* DDOrientationViewController.m */; };
		0D7F52461E444F6F00BCBAFB /* main.m in Sources */ = {isa = PBXBuildFile; fileRef = 0D7F52451E444F6F00BCBAFB /* main.m */; };
		0D7F52491E444F6F00BCBAFB /* AppDelegate.m in Sources */ = {isa = PBXBuildFile; fileRef = 0D7F52481E444F6F00BCBAFB /* AppDelegate.m */; };
		0D7F524C1E444F6F00BCBAFB /* FirstViewController.m in Sources */ = {isa = PBXBuildFile; fileRef = 0D7F524B1E444F6F00BCBAFB /* FirstViewController.m */; };
		0D7F524F1E444F6F00BCBAFB /* SecondViewController.mm in Sources */ = {isa = PBXBuildFile; fileRef = 0D7F524E1E444F6F00BCBAFB /* SecondViewController.mm */; };
		0D7F52521E444F6F00BCBAFB /* Main.storyboard in Resources */ = {isa = PBXBuildFile; fileRef = 0D7F52501E444F6F00BCBAFB /* Main.storyboard */; };
		0D7F52541E444F6F00BCBAFB /* Assets.xcassets in Resources */ = {isa = PBXBuildFile; fileRef = 0D7F52531E444F6F00BCBAFB /* Assets.xcassets */; };
		0D7F52571E444F6F00BCBAFB /* LaunchScreen.storyboard in Resources */ = {isa = PBXBuildFile; fileRef = 0D7F52551E444F6F00BCBAFB /* LaunchScreen.storyboard */; };
		0D7F52601E4451D500BCBAFB /* DDDemoViewController.m in Sources */ = {isa = PBXBuildFile; fileRef = 0D7F525F1E4451D500BCBAFB /* DDDemoViewController.m */; };
		0D7F526A1E445B8100BCBAFB /* DDARCViewController.m in Sources */ = {isa = PBXBuildFile; fileRef = 0D7F52691E445B8100BCBAFB /* DDARCViewController.m */; };
		0D7F526D1E445B9000BCBAFB /* DDMRCViewController.m in Sources */ = {isa = PBXBuildFile; fileRef = 0D7F526C1E445B9000BCBAFB /* DDMRCViewController.m */; settings = {COMPILER_FLAGS = "-fno-objc-arc"; }; };
		0D7F52771E456AE800BCBAFB /* DDMutableString.m in Sources */ = {isa = PBXBuildFile; fileRef = 0D7F52701E456AE800BCBAFB /* DDMutableString.m */; };
		0D7F52781E456AE800BCBAFB /* DDObject.m in Sources */ = {isa = PBXBuildFile; fileRef = 0D7F52721E456AE800BCBAFB /* DDObject.m */; };
		0D7F52791E456AE800BCBAFB /* DDOperation.m in Sources */ = {isa = PBXBuildFile; fileRef = 0D7F52741E456AE800BCBAFB /* DDOperation.m */; };
		0D7F527A1E456AE800BCBAFB /* DDString.m in Sources */ = {isa = PBXBuildFile; fileRef = 0D7F52761E456AE800BCBAFB /* DDString.m */; };
		0D7F527D1E45744500BCBAFB /* NSObject+Method_Swizzling.m in Sources */ = {isa = PBXBuildFile; fileRef = 0D7F527C1E45744500BCBAFB /* NSObject+Method_Swizzling.m */; };
		0D7F52841E45A5A700BCBAFB /* DDBlocksViewController.m in Sources */ = {isa = PBXBuildFile; fileRef = 0D7F52831E45A5A700BCBAFB /* DDBlocksViewController.m */; };
		0D7F52901E4746C800BCBAFB /* DDBridgeViewController.m in Sources */ = {isa = PBXBuildFile; fileRef = 0D7F528F1E4746C800BCBAFB /* DDBridgeViewController.m */; settings = {COMPILER_FLAGS = "-fno-objc-arc"; }; };
		0D9CA5B01EAD9B5700954F6F /* 456.mov in Resources */ = {isa = PBXBuildFile; fileRef = 0D9CA5AF1EAD9B5700954F6F /* 456.mov */; };
		8F551D6F039E146F46130B2A /* libPods-DDCategoryDemo.a in Frameworks */ = {isa = PBXBuildFile; fileRef = 7740F227A4AEF7DD1CA3C151 /* libPods-DDCategoryDemo.a */; };
/* End PBXBuildFile section */

/* Begin PBXFileReference section */
		03EF3B16038DD07C4DB30199 /* Pods-DDCategoryDemo.release.xcconfig */ = {isa = PBXFileReference; includeInIndex = 1; lastKnownFileType = text.xcconfig; name = "Pods-DDCategoryDemo.release.xcconfig"; path = "../Pods/Target Support Files/Pods-DDCategoryDemo/Pods-DDCategoryDemo.release.xcconfig"; sourceTree = "<group>"; };
		067C48D90A6C7A8DA80A7599 /* Pods-DDCategoryDemo.debug.xcconfig */ = {isa = PBXFileReference; includeInIndex = 1; lastKnownFileType = text.xcconfig; name = "Pods-DDCategoryDemo.debug.xcconfig"; path = "../Pods/Target Support Files/Pods-DDCategoryDemo/Pods-DDCategoryDemo.debug.xcconfig"; sourceTree = "<group>"; };
		0D0FABD61E62E380006E0806 /* PrefixHeader.pch */ = {isa = PBXFileReference; lastKnownFileType = sourcecode.c.h; path = PrefixHeader.pch; sourceTree = "<group>"; };
		0D56C9221E8D4055001D4589 /* DDOrientationViewController.h */ = {isa = PBXFileReference; fileEncoding = 4; lastKnownFileType = sourcecode.c.h; path = DDOrientationViewController.h; sourceTree = "<group>"; };
		0D56C9231E8D4055001D4589 /* DDOrientationViewController.m */ = {isa = PBXFileReference; fileEncoding = 4; lastKnownFileType = sourcecode.c.objc; path = DDOrientationViewController.m; sourceTree = "<group>"; };
		0D7F52411E444F6F00BCBAFB /* DDCategoryDemo.app */ = {isa = PBXFileReference; explicitFileType = wrapper.application; includeInIndex = 0; path = DDCategoryDemo.app; sourceTree = BUILT_PRODUCTS_DIR; };
		0D7F52451E444F6F00BCBAFB /* main.m */ = {isa = PBXFileReference; lastKnownFileType = sourcecode.c.objc; path = main.m; sourceTree = "<group>"; };
		0D7F52471E444F6F00BCBAFB /* AppDelegate.h */ = {isa = PBXFileReference; lastKnownFileType = sourcecode.c.h; path = AppDelegate.h; sourceTree = "<group>"; };
		0D7F52481E444F6F00BCBAFB /* AppDelegate.m */ = {isa = PBXFileReference; lastKnownFileType = sourcecode.c.objc; path = AppDelegate.m; sourceTree = "<group>"; };
		0D7F524A1E444F6F00BCBAFB /* FirstViewController.h */ = {isa = PBXFileReference; lastKnownFileType = sourcecode.c.h; path = FirstViewController.h; sourceTree = "<group>"; };
		0D7F524B1E444F6F00BCBAFB /* FirstViewController.m */ = {isa = PBXFileReference; lastKnownFileType = sourcecode.c.objc; path = FirstViewController.m; sourceTree = "<group>"; };
		0D7F524D1E444F6F00BCBAFB /* SecondViewController.h */ = {isa = PBXFileReference; lastKnownFileType = sourcecode.c.h; path = SecondViewController.h; sourceTree = "<group>"; };
		0D7F524E1E444F6F00BCBAFB /* SecondViewController.mm */ = {isa = PBXFileReference; lastKnownFileType = sourcecode.cpp.objcpp; path = SecondViewController.mm; sourceTree = "<group>"; };
		0D7F52511E444F6F00BCBAFB /* Base */ = {isa = PBXFileReference; lastKnownFileType = file.storyboard; name = Base; path = Base.lproj/Main.storyboard; sourceTree = "<group>"; };
		0D7F52531E444F6F00BCBAFB /* Assets.xcassets */ = {isa = PBXFileReference; lastKnownFileType = folder.assetcatalog; path = Assets.xcassets; sourceTree = "<group>"; };
		0D7F52561E444F6F00BCBAFB /* Base */ = {isa = PBXFileReference; lastKnownFileType = file.storyboard; name = Base; path = Base.lproj/LaunchScreen.storyboard; sourceTree = "<group>"; };
		0D7F52581E444F6F00BCBAFB /* Info.plist */ = {isa = PBXFileReference; lastKnownFileType = text.plist.xml; path = Info.plist; sourceTree = "<group>"; };
		0D7F525E1E4451D500BCBAFB /* DDDemoViewController.h */ = {isa = PBXFileReference; fileEncoding = 4; lastKnownFileType = sourcecode.c.h; path = DDDemoViewController.h; sourceTree = "<group>"; };
		0D7F525F1E4451D500BCBAFB /* DDDemoViewController.m */ = {isa = PBXFileReference; fileEncoding = 4; lastKnownFileType = sourcecode.c.objc; path = DDDemoViewController.m; sourceTree = "<group>"; };
		0D7F52681E445B8100BCBAFB /* DDARCViewController.h */ = {isa = PBXFileReference; fileEncoding = 4; lastKnownFileType = sourcecode.c.h; path = DDARCViewController.h; sourceTree = "<group>"; };
		0D7F52691E445B8100BCBAFB /* DDARCViewController.m */ = {isa = PBXFileReference; fileEncoding = 4; lastKnownFileType = sourcecode.c.objc; path = DDARCViewController.m; sourceTree = "<group>"; };
		0D7F526B1E445B9000BCBAFB /* DDMRCViewController.h */ = {isa = PBXFileReference; fileEncoding = 4; lastKnownFileType = sourcecode.c.h; path = DDMRCViewController.h; sourceTree = "<group>"; };
		0D7F526C1E445B9000BCBAFB /* DDMRCViewController.m */ = {isa = PBXFileReference; fileEncoding = 4; lastKnownFileType = sourcecode.c.objc; path = DDMRCViewController.m; sourceTree = "<group>"; };
		0D7F526F1E456AE800BCBAFB /* DDMutableString.h */ = {isa = PBXFileReference; fileEncoding = 4; lastKnownFileType = sourcecode.c.h; path = DDMutableString.h; sourceTree = "<group>"; };
		0D7F52701E456AE800BCBAFB /* DDMutableString.m */ = {isa = PBXFileReference; fileEncoding = 4; lastKnownFileType = sourcecode.c.objc; path = DDMutableString.m; sourceTree = "<group>"; };
		0D7F52711E456AE800BCBAFB /* DDObject.h */ = {isa = PBXFileReference; fileEncoding = 4; lastKnownFileType = sourcecode.c.h; path = DDObject.h; sourceTree = "<group>"; };
		0D7F52721E456AE800BCBAFB /* DDObject.m */ = {isa = PBXFileReference; fileEncoding = 4; lastKnownFileType = sourcecode.c.objc; path = DDObject.m; sourceTree = "<group>"; };
		0D7F52731E456AE800BCBAFB /* DDOperation.h */ = {isa = PBXFileReference; fileEncoding = 4; lastKnownFileType = sourcecode.c.h; path = DDOperation.h; sourceTree = "<group>"; };
		0D7F52741E456AE800BCBAFB /* DDOperation.m */ = {isa = PBXFileReference; fileEncoding = 4; lastKnownFileType = sourcecode.c.objc; path = DDOperation.m; sourceTree = "<group>"; };
		0D7F52751E456AE800BCBAFB /* DDString.h */ = {isa = PBXFileReference; fileEncoding = 4; lastKnownFileType = sourcecode.c.h; path = DDString.h; sourceTree = "<group>"; };
		0D7F52761E456AE800BCBAFB /* DDString.m */ = {isa = PBXFileReference; fileEncoding = 4; lastKnownFileType = sourcecode.c.objc; path = DDString.m; sourceTree = "<group>"; };
		0D7F527B1E45744500BCBAFB /* NSObject+Method_Swizzling.h */ = {isa = PBXFileReference; fileEncoding = 4; lastKnownFileType = sourcecode.c.h; path = "NSObject+Method_Swizzling.h"; sourceTree = "<group>"; };
		0D7F527C1E45744500BCBAFB /* NSObject+Method_Swizzling.m */ = {isa = PBXFileReference; fileEncoding = 4; lastKnownFileType = sourcecode.c.objc; path = "NSObject+Method_Swizzling.m"; sourceTree = "<group>"; };
		0D7F52821E45A5A700BCBAFB /* DDBlocksViewController.h */ = {isa = PBXFileReference; fileEncoding = 4; lastKnownFileType = sourcecode.c.h; name = DDBlocksViewController.h; path = DDCategoryDemo/BLOCKS/DDBlocksViewController.h; sourceTree = SOURCE_ROOT; };
		0D7F52831E45A5A700BCBAFB /* DDBlocksViewController.m */ = {isa = PBXFileReference; fileEncoding = 4; lastKnownFileType = sourcecode.c.objc; name = DDBlocksViewController.m; path = DDCategoryDemo/BLOCKS/DDBlocksViewController.m; sourceTree = SOURCE_ROOT; };
		0D7F528E1E4746C800BCBAFB /* DDBridgeViewController.h */ = {isa = PBXFileReference; fileEncoding = 4; lastKnownFileType = sourcecode.c.h; path = DDBridgeViewController.h; sourceTree = "<group>"; };
		0D7F528F1E4746C800BCBAFB /* DDBridgeViewController.m */ = {isa = PBXFileReference; fileEncoding = 4; lastKnownFileType = sourcecode.c.objc; path = DDBridgeViewController.m; sourceTree = "<group>"; };
		0D9CA5AF1EAD9B5700954F6F /* 456.mov */ = {isa = PBXFileReference; lastKnownFileType = video.quicktime; path = 456.mov; sourceTree = "<group>"; };
		7740F227A4AEF7DD1CA3C151 /* libPods-DDCategoryDemo.a */ = {isa = PBXFileReference; explicitFileType = archive.ar; includeInIndex = 0; path = "libPods-DDCategoryDemo.a"; sourceTree = BUILT_PRODUCTS_DIR; };
/* End PBXFileReference section */

/* Begin PBXFrameworksBuildPhase section */
		0D7F523E1E444F6F00BCBAFB /* Frameworks */ = {
			isa = PBXFrameworksBuildPhase;
			buildActionMask = 2147483647;
			files = (
				8F551D6F039E146F46130B2A /* libPods-DDCategoryDemo.a in Frameworks */,
			);
			runOnlyForDeploymentPostprocessing = 0;
		};
/* End PBXFrameworksBuildPhase section */

/* Begin PBXGroup section */
		0D56C9211E8D4039001D4589 /* Orientation */ = {
			isa = PBXGroup;
			children = (
				0D56C9221E8D4055001D4589 /* DDOrientationViewController.h */,
				0D56C9231E8D4055001D4589 /* DDOrientationViewController.m */,
			);
			path = Orientation;
			sourceTree = "<group>";
		};
		0D7F52381E444F6F00BCBAFB = {
			isa = PBXGroup;
			children = (
				0D7F52431E444F6F00BCBAFB /* DDCategoryDemo */,
				0D7F52421E444F6F00BCBAFB /* Products */,
				0D7F52611E4453AE00BCBAFB /* Frameworks */,
				18FCA0555693350B3F141AAE /* Pods */,
			);
			sourceTree = "<group>";
		};
		0D7F52421E444F6F00BCBAFB /* Products */ = {
			isa = PBXGroup;
			children = (
				0D7F52411E444F6F00BCBAFB /* DDCategoryDemo.app */,
			);
			name = Products;
			sourceTree = "<group>";
		};
		0D7F52431E444F6F00BCBAFB /* DDCategoryDemo */ = {
			isa = PBXGroup;
			children = (
				0D9CA5AF1EAD9B5700954F6F /* 456.mov */,
				0D56C9211E8D4039001D4589 /* Orientation */,
				0D7F528D1E4746C800BCBAFB /* Bridge&Copying */,
				0D7F527E1E45A56300BCBAFB /* BLOCKS */,
				0D7F526E1E456AE800BCBAFB /* DDObjects */,
				0D7F52661E445B6A00BCBAFB /* ARC */,
				0D7F52671E445B6A00BCBAFB /* MRC */,
				0D7F52471E444F6F00BCBAFB /* AppDelegate.h */,
				0D7F52481E444F6F00BCBAFB /* AppDelegate.m */,
				0D7F525E1E4451D500BCBAFB /* DDDemoViewController.h */,
				0D7F525F1E4451D500BCBAFB /* DDDemoViewController.m */,
				0D7F524A1E444F6F00BCBAFB /* FirstViewController.h */,
				0D7F524B1E444F6F00BCBAFB /* FirstViewController.m */,
				0D7F524D1E444F6F00BCBAFB /* SecondViewController.h */,
				0D7F524E1E444F6F00BCBAFB /* SecondViewController.mm */,
				0D7F52501E444F6F00BCBAFB /* Main.storyboard */,
				0D7F52531E444F6F00BCBAFB /* Assets.xcassets */,
				0D7F52551E444F6F00BCBAFB /* LaunchScreen.storyboard */,
				0D7F52581E444F6F00BCBAFB /* Info.plist */,
				0D7F52441E444F6F00BCBAFB /* Supporting Files */,
				0D0FABD61E62E380006E0806 /* PrefixHeader.pch */,
			);
			path = DDCategoryDemo;
			sourceTree = "<group>";
		};
		0D7F52441E444F6F00BCBAFB /* Supporting Files */ = {
			isa = PBXGroup;
			children = (
				0D7F52451E444F6F00BCBAFB /* main.m */,
			);
			name = "Supporting Files";
			sourceTree = "<group>";
		};
		0D7F52611E4453AE00BCBAFB /* Frameworks */ = {
			isa = PBXGroup;
			children = (
				7740F227A4AEF7DD1CA3C151 /* libPods-DDCategoryDemo.a */,
			);
			name = Frameworks;
			sourceTree = "<group>";
		};
		0D7F52661E445B6A00BCBAFB /* ARC */ = {
			isa = PBXGroup;
			children = (
				0D7F52681E445B8100BCBAFB /* DDARCViewController.h */,
				0D7F52691E445B8100BCBAFB /* DDARCViewController.m */,
			);
			path = ARC;
			sourceTree = "<group>";
		};
		0D7F52671E445B6A00BCBAFB /* MRC */ = {
			isa = PBXGroup;
			children = (
				0D7F526B1E445B9000BCBAFB /* DDMRCViewController.h */,
				0D7F526C1E445B9000BCBAFB /* DDMRCViewController.m */,
			);
			path = MRC;
			sourceTree = "<group>";
		};
		0D7F526E1E456AE800BCBAFB /* DDObjects */ = {
			isa = PBXGroup;
			children = (
				0D7F526F1E456AE800BCBAFB /* DDMutableString.h */,
				0D7F52701E456AE800BCBAFB /* DDMutableString.m */,
				0D7F52711E456AE800BCBAFB /* DDObject.h */,
				0D7F52721E456AE800BCBAFB /* DDObject.m */,
				0D7F52731E456AE800BCBAFB /* DDOperation.h */,
				0D7F52741E456AE800BCBAFB /* DDOperation.m */,
				0D7F52751E456AE800BCBAFB /* DDString.h */,
				0D7F52761E456AE800BCBAFB /* DDString.m */,
				0D7F527B1E45744500BCBAFB /* NSObject+Method_Swizzling.h */,
				0D7F527C1E45744500BCBAFB /* NSObject+Method_Swizzling.m */,
			);
			path = DDObjects;
			sourceTree = "<group>";
		};
		0D7F527E1E45A56300BCBAFB /* BLOCKS */ = {
			isa = PBXGroup;
			children = (
				0D7F52821E45A5A700BCBAFB /* DDBlocksViewController.h */,
				0D7F52831E45A5A700BCBAFB /* DDBlocksViewController.m */,
			);
			name = BLOCKS;
			path = MRC/BLOCKS;
			sourceTree = "<group>";
		};
		0D7F528D1E4746C800BCBAFB /* Bridge&Copying */ = {
			isa = PBXGroup;
			children = (
				0D7F528E1E4746C800BCBAFB /* DDBridgeViewController.h */,
				0D7F528F1E4746C800BCBAFB /* DDBridgeViewController.m */,
			);
			path = "Bridge&Copying";
			sourceTree = "<group>";
		};
		18FCA0555693350B3F141AAE /* Pods */ = {
			isa = PBXGroup;
			children = (
				067C48D90A6C7A8DA80A7599 /* Pods-DDCategoryDemo.debug.xcconfig */,
				03EF3B16038DD07C4DB30199 /* Pods-DDCategoryDemo.release.xcconfig */,
			);
			name = Pods;
			sourceTree = "<group>";
		};
/* End PBXGroup section */

/* Begin PBXNativeTarget section */
		0D7F52401E444F6F00BCBAFB /* DDCategoryDemo */ = {
			isa = PBXNativeTarget;
			buildConfigurationList = 0D7F525B1E444F6F00BCBAFB /* Build configuration list for PBXNativeTarget "DDCategoryDemo" */;
			buildPhases = (
				E82007DCF5F707F1B8332652 /* [CP] Check Pods Manifest.lock */,
				0D7F523D1E444F6F00BCBAFB /* Sources */,
				0D7F523E1E444F6F00BCBAFB /* Frameworks */,
				0D7F523F1E444F6F00BCBAFB /* Resources */,
				734B6B013AD121BFD3D8DB4A /* [CP] Embed Pods Frameworks */,
				75C98E6CCEEDA7C3DDC3A833 /* [CP] Copy Pods Resources */,
			);
			buildRules = (
			);
			dependencies = (
			);
			name = DDCategoryDemo;
			productName = DDCategoryDemo;
			productReference = 0D7F52411E444F6F00BCBAFB /* DDCategoryDemo.app */;
			productType = "com.apple.product-type.application";
		};
/* End PBXNativeTarget section */

/* Begin PBXProject section */
		0D7F52391E444F6F00BCBAFB /* Project object */ = {
			isa = PBXProject;
			attributes = {
				LastUpgradeCheck = 0820;
				ORGANIZATIONNAME = DDKit;
				TargetAttributes = {
					0D7F52401E444F6F00BCBAFB = {
						CreatedOnToolsVersion = 8.2.1;
						DevelopmentTeam = SRN4RNBX5L;
						ProvisioningStyle = Manual;
					};
				};
			};
			buildConfigurationList = 0D7F523C1E444F6F00BCBAFB /* Build configuration list for PBXProject "DDCategoryDemo" */;
			compatibilityVersion = "Xcode 3.2";
			developmentRegion = English;
			hasScannedForEncodings = 0;
			knownRegions = (
				en,
				Base,
			);
			mainGroup = 0D7F52381E444F6F00BCBAFB;
			productRefGroup = 0D7F52421E444F6F00BCBAFB /* Products */;
			projectDirPath = "";
			projectRoot = "";
			targets = (
				0D7F52401E444F6F00BCBAFB /* DDCategoryDemo */,
			);
		};
/* End PBXProject section */

/* Begin PBXResourcesBuildPhase section */
		0D7F523F1E444F6F00BCBAFB /* Resources */ = {
			isa = PBXResourcesBuildPhase;
			buildActionMask = 2147483647;
			files = (
				0D7F52571E444F6F00BCBAFB /* LaunchScreen.storyboard in Resources */,
				0D7F52541E444F6F00BCBAFB /* Assets.xcassets in Resources */,
				0D9CA5B01EAD9B5700954F6F /* 456.mov in Resources */,
				0D7F52521E444F6F00BCBAFB /* Main.storyboard in Resources */,
			);
			runOnlyForDeploymentPostprocessing = 0;
		};
/* End PBXResourcesBuildPhase section */

/* Begin PBXShellScriptBuildPhase section */
		734B6B013AD121BFD3D8DB4A /* [CP] Embed Pods Frameworks */ = {
			isa = PBXShellScriptBuildPhase;
			buildActionMask = 2147483647;
			files = (
			);
			inputPaths = (
			);
			name = "[CP] Embed Pods Frameworks";
			outputPaths = (
			);
			runOnlyForDeploymentPostprocessing = 0;
			shellPath = /bin/sh;
			shellScript = "\"${SRCROOT}/../Pods/Target Support Files/Pods-DDCategoryDemo/Pods-DDCategoryDemo-frameworks.sh\"\n";
			showEnvVarsInLog = 0;
		};
		75C98E6CCEEDA7C3DDC3A833 /* [CP] Copy Pods Resources */ = {
			isa = PBXShellScriptBuildPhase;
			buildActionMask = 2147483647;
			files = (
			);
			inputPaths = (
			);
			name = "[CP] Copy Pods Resources";
			outputPaths = (
			);
			runOnlyForDeploymentPostprocessing = 0;
			shellPath = /bin/sh;
			shellScript = "\"${SRCROOT}/../Pods/Target Support Files/Pods-DDCategoryDemo/Pods-DDCategoryDemo-resources.sh\"\n";
			showEnvVarsInLog = 0;
		};
		E82007DCF5F707F1B8332652 /* [CP] Check Pods Manifest.lock */ = {
			isa = PBXShellScriptBuildPhase;
			buildActionMask = 2147483647;
			files = (
			);
			inputPaths = (
			);
			name = "[CP] Check Pods Manifest.lock";
			outputPaths = (
			);
			runOnlyForDeploymentPostprocessing = 0;
			shellPath = /bin/sh;
			shellScript = "diff \"${PODS_ROOT}/../Podfile.lock\" \"${PODS_ROOT}/Manifest.lock\" > /dev/null\nif [ $? != 0 ] ; then\n    # print error to STDERR\n    echo \"error: The sandbox is not in sync with the Podfile.lock. Run 'pod install' or update your CocoaPods installation.\" >&2\n    exit 1\nfi\n";
			showEnvVarsInLog = 0;
		};
/* End PBXShellScriptBuildPhase section */

/* Begin PBXSourcesBuildPhase section */
		0D7F523D1E444F6F00BCBAFB /* Sources */ = {
			isa = PBXSourcesBuildPhase;
			buildActionMask = 2147483647;
			files = (
				0D7F526D1E445B9000BCBAFB /* DDMRCViewController.m in Sources */,
				0D7F52841E45A5A700BCBAFB /* DDBlocksViewController.m in Sources */,
				0D7F527A1E456AE800BCBAFB /* DDString.m in Sources */,
				0D7F524F1E444F6F00BCBAFB /* SecondViewController.mm in Sources */,
				0D7F52491E444F6F00BCBAFB /* AppDelegate.m in Sources */,
				0D7F524C1E444F6F00BCBAFB /* FirstViewController.m in Sources */,
				0D56C9241E8D4055001D4589 /* DDOrientationViewController.m in Sources */,
				0D7F52901E4746C800BCBAFB /* DDBridgeViewController.m in Sources */,
				0D7F52601E4451D500BCBAFB /* DDDemoViewController.m in Sources */,
				0D7F52771E456AE800BCBAFB /* DDMutableString.m in Sources */,
				0D7F52461E444F6F00BCBAFB /* main.m in Sources */,
				0D7F52791E456AE800BCBAFB /* DDOperation.m in Sources */,
				0D7F52781E456AE800BCBAFB /* DDObject.m in Sources */,
				0D7F527D1E45744500BCBAFB /* NSObject+Method_Swizzling.m in Sources */,
				0D7F526A1E445B8100BCBAFB /* DDARCViewController.m in Sources */,
			);
			runOnlyForDeploymentPostprocessing = 0;
		};
/* End PBXSourcesBuildPhase section */

/* Begin PBXVariantGroup section */
		0D7F52501E444F6F00BCBAFB /* Main.storyboard */ = {
			isa = PBXVariantGroup;
			children = (
				0D7F52511E444F6F00BCBAFB /* Base */,
			);
			name = Main.storyboard;
			sourceTree = "<group>";
		};
		0D7F52551E444F6F00BCBAFB /* LaunchScreen.storyboard */ = {
			isa = PBXVariantGroup;
			children = (
				0D7F52561E444F6F00BCBAFB /* Base */,
			);
			name = LaunchScreen.storyboard;
			sourceTree = "<group>";
		};
/* End PBXVariantGroup section */

/* Begin XCBuildConfiguration section */
		0D7F52591E444F6F00BCBAFB /* Debug */ = {
			isa = XCBuildConfiguration;
			buildSettings = {
				ALWAYS_SEARCH_USER_PATHS = NO;
				CLANG_ANALYZER_NONNULL = YES;
				CLANG_CXX_LANGUAGE_STANDARD = "gnu++0x";
				CLANG_CXX_LIBRARY = "libc++";
				CLANG_ENABLE_MODULES = YES;
				CLANG_ENABLE_OBJC_ARC = YES;
				CLANG_WARN_BOOL_CONVERSION = YES;
				CLANG_WARN_CONSTANT_CONVERSION = YES;
				CLANG_WARN_DIRECT_OBJC_ISA_USAGE = YES_ERROR;
				CLANG_WARN_DOCUMENTATION_COMMENTS = YES;
				CLANG_WARN_EMPTY_BODY = YES;
				CLANG_WARN_ENUM_CONVERSION = YES;
				CLANG_WARN_INFINITE_RECURSION = YES;
				CLANG_WARN_INT_CONVERSION = YES;
				CLANG_WARN_OBJC_ROOT_CLASS = YES_ERROR;
				CLANG_WARN_SUSPICIOUS_MOVE = YES;
				CLANG_WARN_UNREACHABLE_CODE = YES;
				CLANG_WARN__DUPLICATE_METHOD_MATCH = YES;
				"CODE_SIGN_IDENTITY[sdk=iphoneos*]" = "iPhone Developer";
				COPY_PHASE_STRIP = NO;
				DEBUG_INFORMATION_FORMAT = dwarf;
				ENABLE_STRICT_OBJC_MSGSEND = YES;
				ENABLE_TESTABILITY = YES;
				GCC_C_LANGUAGE_STANDARD = gnu99;
				GCC_DYNAMIC_NO_PIC = NO;
				GCC_NO_COMMON_BLOCKS = YES;
				GCC_OPTIMIZATION_LEVEL = 0;
				GCC_PREPROCESSOR_DEFINITIONS = (
					"DEBUG=1",
					"$(inherited)",
				);
				GCC_WARN_64_TO_32_BIT_CONVERSION = YES;
				GCC_WARN_ABOUT_RETURN_TYPE = YES_ERROR;
				GCC_WARN_UNDECLARED_SELECTOR = YES;
				GCC_WARN_UNINITIALIZED_AUTOS = YES_AGGRESSIVE;
				GCC_WARN_UNUSED_FUNCTION = YES;
				GCC_WARN_UNUSED_VARIABLE = YES;
				IPHONEOS_DEPLOYMENT_TARGET = 8.0;
				MTL_ENABLE_DEBUG_INFO = YES;
				ONLY_ACTIVE_ARCH = YES;
				SDKROOT = iphoneos;
			};
			name = Debug;
		};
		0D7F525A1E444F6F00BCBAFB /* Release */ = {
			isa = XCBuildConfiguration;
			buildSettings = {
				ALWAYS_SEARCH_USER_PATHS = NO;
				CLANG_ANALYZER_NONNULL = YES;
				CLANG_CXX_LANGUAGE_STANDARD = "gnu++0x";
				CLANG_CXX_LIBRARY = "libc++";
				CLANG_ENABLE_MODULES = YES;
				CLANG_ENABLE_OBJC_ARC = YES;
				CLANG_WARN_BOOL_CONVERSION = YES;
				CLANG_WARN_CONSTANT_CONVERSION = YES;
				CLANG_WARN_DIRECT_OBJC_ISA_USAGE = YES_ERROR;
				CLANG_WARN_DOCUMENTATION_COMMENTS = YES;
				CLANG_WARN_EMPTY_BODY = YES;
				CLANG_WARN_ENUM_CONVERSION = YES;
				CLANG_WARN_INFINITE_RECURSION = YES;
				CLANG_WARN_INT_CONVERSION = YES;
				CLANG_WARN_OBJC_ROOT_CLASS = YES_ERROR;
				CLANG_WARN_SUSPICIOUS_MOVE = YES;
				CLANG_WARN_UNREACHABLE_CODE = YES;
				CLANG_WARN__DUPLICATE_METHOD_MATCH = YES;
				"CODE_SIGN_IDENTITY[sdk=iphoneos*]" = "iPhone Developer";
				COPY_PHASE_STRIP = NO;
				DEBUG_INFORMATION_FORMAT = "dwarf-with-dsym";
				ENABLE_NS_ASSERTIONS = NO;
				ENABLE_STRICT_OBJC_MSGSEND = YES;
				GCC_C_LANGUAGE_STANDARD = gnu99;
				GCC_NO_COMMON_BLOCKS = YES;
				GCC_WARN_64_TO_32_BIT_CONVERSION = YES;
				GCC_WARN_ABOUT_RETURN_TYPE = YES_ERROR;
				GCC_WARN_UNDECLARED_SELECTOR = YES;
				GCC_WARN_UNINITIALIZED_AUTOS = YES_AGGRESSIVE;
				GCC_WARN_UNUSED_FUNCTION = YES;
				GCC_WARN_UNUSED_VARIABLE = YES;
				IPHONEOS_DEPLOYMENT_TARGET = 8.0;
				MTL_ENABLE_DEBUG_INFO = NO;
				SDKROOT = iphoneos;
				VALIDATE_PRODUCT = YES;
			};
			name = Release;
		};
		0D7F525C1E444F6F00BCBAFB /* Debug */ = {
			isa = XCBuildConfiguration;
			baseConfigurationReference = 067C48D90A6C7A8DA80A7599 /* Pods-DDCategoryDemo.debug.xcconfig */;
			buildSettings = {
				ASSETCATALOG_COMPILER_APPICON_NAME = AppIcon;
				"CODE_SIGN_IDENTITY[sdk=iphoneos*]" = "iPhone Developer";
				DEVELOPMENT_TEAM = SRN4RNBX5L;
				ENABLE_BITCODE = NO;
				GCC_INCREASE_PRECOMPILED_HEADER_SHARING = NO;
				GCC_PRECOMPILE_PREFIX_HEADER = YES;
				GCC_PREFIX_HEADER = DDCategoryDemo/PrefixHeader.pch;
				INFOPLIST_FILE = DDCategoryDemo/Info.plist;
				IPHONEOS_DEPLOYMENT_TARGET = 8.0;
				LD_RUNPATH_SEARCH_PATHS = "$(inherited) @executable_path/Frameworks";
				LIBRARY_SEARCH_PATHS = (
					"$(inherited)",
					"$(PROJECT_DIR)",
				);
				PRODUCT_BUNDLE_IDENTIFIER = com.ddkit.DDCategoryDemo;
				PRODUCT_NAME = "$(TARGET_NAME)";
				PROVISIONING_PROFILE = "d19acc97-83aa-4f2a-947e-cb13de1a65b6";
				PROVISIONING_PROFILE_SPECIFIER = testDevelopment_normal;
				TARGETED_DEVICE_FAMILY = 1;
			};
			name = Debug;
		};
		0D7F525D1E444F6F00BCBAFB /* Release */ = {
			isa = XCBuildConfiguration;
			baseConfigurationReference = 03EF3B16038DD07C4DB30199 /* Pods-DDCategoryDemo.release.xcconfig */;
			buildSettings = {
				ASSETCATALOG_COMPILER_APPICON_NAME = AppIcon;
				"CODE_SIGN_IDENTITY[sdk=iphoneos*]" = "iPhone Developer";
				DEVELOPMENT_TEAM = SRN4RNBX5L;
				ENABLE_BITCODE = NO;
				GCC_INCREASE_PRECOMPILED_HEADER_SHARING = NO;
				GCC_PRECOMPILE_PREFIX_HEADER = YES;
				GCC_PREFIX_HEADER = DDCategoryDemo/PrefixHeader.pch;
				INFOPLIST_FILE = DDCategoryDemo/Info.plist;
				IPHONEOS_DEPLOYMENT_TARGET = 8.0;
				LD_RUNPATH_SEARCH_PATHS = "$(inherited) @executable_path/Frameworks";
				LIBRARY_SEARCH_PATHS = (
					"$(inherited)",
					"$(PROJECT_DIR)",
				);
				PRODUCT_BUNDLE_IDENTIFIER = com.ddkit.DDCategoryDemo;
				PRODUCT_NAME = "$(TARGET_NAME)";
				PROVISIONING_PROFILE = "d19acc97-83aa-4f2a-947e-cb13de1a65b6";
				PROVISIONING_PROFILE_SPECIFIER = testDevelopment_normal;
				TARGETED_DEVICE_FAMILY = 1;
			};
			name = Release;
		};
/* End XCBuildConfiguration section */

/* Begin XCConfigurationList section */
		0D7F523C1E444F6F00BCBAFB /* Build configuration list for PBXProject "DDCategoryDemo" */ = {
			isa = XCConfigurationList;
			buildConfigurations = (
				0D7F52591E444F6F00BCBAFB /* Debug */,
				0D7F525A1E444F6F00BCBAFB /* Release */,
			);
			defaultConfigurationIsVisible = 0;
			defaultConfigurationName = Debug;
		};
		0D7F525B1E444F6F00BCBAFB /* Build configuration list for PBXNativeTarget "DDCategoryDemo" */ = {
			isa = XCConfigurationList;
			buildConfigurations = (
				0D7F525C1E444F6F00BCBAFB /* Debug */,
				0D7F525D1E444F6F00BCBAFB /* Release */,
			);
			defaultConfigurationIsVisible = 0;
			defaultConfigurationName = Debug;
		};
/* End XCConfigurationList section */
	};
	rootObject = 0D7F52391E444F6F00BCBAFB /* Project object */;
}
